{
    "_meta": {
        "hash": {
            "sha256": "dbc88e63dde583aa8c4c02bc2545a618a95aa07b1a2a9510694a3fc52b6491a7"
        },
        "pipfile-spec": 6,
        "requires": {
            "python_version": "3.6"
        },
        "sources": [
            {
                "name": "pypi",
                "url": "https://pypi.douban.com/simple/",
                "verify_ssl": true
            }
        ]
    },
    "default": {},
    "develop": {}
}
